
Microsoft Visual Studio Solution File, Format Version 12.00
# Visual Studio 2013
VisualStudioVersion = 12.0.21005.1
MinimumVisualStudioVersion = 10.0.40219.1
Project("{FAE04EC0-301F-11D3-BF4B-00C04F79EFBC}") = "SeleniumTest", "ClassLibrary2\SeleniumTest.csproj", "{BFF798F8-7509-497D-B5D1-F1F4F7F0A93A}"
EndProject
Project("{2150E333-8FDC-42A3-9474-1A3956D46DE8}") = ".nuget", ".nuget", "{1631973C-3A8C-4BD4-82C6-112352975BA6}"
	ProjectSection(SolutionItems) = preProject
		.nuget\packages.config = .nuget\packages.config
	EndProjectSection
EndProject
Project("{FAE04EC0-301F-11D3-BF4B-00C04F79EFBC}") = "Acion", "ClassLibrary1\Acion.csproj", "{5DA4B1A2-D6EA-490C-B3EA-C71EB0B754C8}"
EndProject
Project("{FAE04EC0-301F-11D3-BF4B-00C04F79EFBC}") = "ClassLibrary3", "ClassLibrary3\ClassLibrary3.csproj", "{024D6E7D-3110-42E9-BBEF-0A58FB7A6D18}"
EndProject
Global
	GlobalSection(SolutionConfigurationPlatforms) = preSolution
		Debug|Any CPU = Debug|Any CPU
		Release|Any CPU = Release|Any CPU
	EndGlobalSection
	GlobalSection(ProjectConfigurationPlatforms) = postSolution
		{BFF798F8-7509-497D-B5D1-F1F4F7F0A93A}.Debug|Any CPU.ActiveCfg = Debug|Any CPU
		{BFF798F8-7509-497D-B5D1-F1F4F7F0A93A}.Debug|Any CPU.Build.0 = Debug|Any CPU
		{BFF798F8-7509-497D-B5D1-F1F4F7F0A93A}.Release|Any CPU.ActiveCfg = Release|Any CPU
		{BFF798F8-7509-497D-B5D1-F1F4F7F0A93A}.Release|Any CPU.Build.0 = Release|Any CPU
		{5DA4B1A2-D6EA-490C-B3EA-C71EB0B754C8}.Debug|Any CPU.ActiveCfg = Debug|Any CPU
		{5DA4B1A2-D6EA-490C-B3EA-C71EB0B754C8}.Debug|Any CPU.Build.0 = Debug|Any CPU
		{5DA4B1A2-D6EA-490C-B3EA-C71EB0B754C8}.Release|Any CPU.ActiveCfg = Release|Any CPU
		{5DA4B1A2-D6EA-490C-B3EA-C71EB0B754C8}.Release|Any CPU.Build.0 = Release|Any CPU
		{024D6E7D-3110-42E9-BBEF-0A58FB7A6D18}.Debug|Any CPU.ActiveCfg = Debug|Any CPU
		{024D6E7D-3110-42E9-BBEF-0A58FB7A6D18}.Debug|Any CPU.Build.0 = Debug|Any CPU
		{024D6E7D-3110-42E9-BBEF-0A58FB7A6D18}.Release|Any CPU.ActiveCfg = Release|Any CPU
		{024D6E7D-3110-42E9-BBEF-0A58FB7A6D18}.Release|Any CPU.Build.0 = Release|Any CPU
	EndGlobalSection
	GlobalSection(SolutionProperties) = preSolution
		HideSolutionNode = FALSE
	EndGlobalSection
EndGlobal
